
Microsoft Visual Studio Solution File, Format Version 12.00
# Visual Studio 15
VisualStudioVersion = 15.0.28307.1705
MinimumVisualStudioVersion = 10.0.40219.1
Project("{FAE04EC0-301F-11D3-BF4B-00C04F79EFBC}") = "WareHouse1", "WareHouse1\WareHouse1.csproj", "{D210CC66-FD60-4745-A1B7-E7B3979F6EAE}"
EndProject
Project("{FAE04EC0-301F-11D3-BF4B-00C04F79EFBC}") = "EntityLayer", "EntityLayer\EntityLayer.csproj", "{6D1528DA-A548-41A2-878B-72EE929EEFF8}"
EndProject
Project("{FAE04EC0-301F-11D3-BF4B-00C04F79EFBC}") = "Business logic", "Logical\Business logic.csproj", "{0ED3C341-23BB-4D20-83FC-CE1143756567}"
EndProject
Project("{FAE04EC0-301F-11D3-BF4B-00C04F79EFBC}") = "DataAccess", "DataAccess\DataAccess.csproj", "{3647F506-59A1-443A-AFB1-FE9B606035EB}"
EndProject
Global
	GlobalSection(SolutionConfigurationPlatforms) = preSolution
		Debug|Any CPU = Debug|Any CPU
		Debug|Mixed Platforms = Debug|Mixed Platforms
		Debug|x86 = Debug|x86
		Release|Any CPU = Release|Any CPU
		Release|Mixed Platforms = Release|Mixed Platforms
		Release|x86 = Release|x86
	EndGlobalSection
	GlobalSection(ProjectConfigurationPlatforms) = postSolution
		{D210CC66-FD60-4745-A1B7-E7B3979F6EAE}.Debug|Any CPU.ActiveCfg = Debug|x86
		{D210CC66-FD60-4745-A1B7-E7B3979F6EAE}.Debug|Mixed Platforms.ActiveCfg = Debug|x86
		{D210CC66-FD60-4745-A1B7-E7B3979F6EAE}.Debug|Mixed Platforms.Build.0 = Debug|x86
		{D210CC66-FD60-4745-A1B7-E7B3979F6EAE}.Debug|x86.ActiveCfg = Debug|x86
		{D210CC66-FD60-4745-A1B7-E7B3979F6EAE}.Debug|x86.Build.0 = Debug|x86
		{D210CC66-FD60-4745-A1B7-E7B3979F6EAE}.Release|Any CPU.ActiveCfg = Release|x86
		{D210CC66-FD60-4745-A1B7-E7B3979F6EAE}.Release|Mixed Platforms.ActiveCfg = Release|x86
		{D210CC66-FD60-4745-A1B7-E7B3979F6EAE}.Release|Mixed Platforms.Build.0 = Release|x86
		{D210CC66-FD60-4745-A1B7-E7B3979F6EAE}.Release|x86.ActiveCfg = Release|x86
		{D210CC66-FD60-4745-A1B7-E7B3979F6EAE}.Release|x86.Build.0 = Release|x86
		{6D1528DA-A548-41A2-878B-72EE929EEFF8}.Debug|Any CPU.ActiveCfg = Debug|Any CPU
		{6D1528DA-A548-41A2-878B-72EE929EEFF8}.Debug|Any CPU.Build.0 = Debug|Any CPU
		{6D1528DA-A548-41A2-878B-72EE929EEFF8}.Debug|Mixed Platforms.ActiveCfg = Debug|Any CPU
		{6D1528DA-A548-41A2-878B-72EE929EEFF8}.Debug|Mixed Platforms.Build.0 = Debug|Any CPU
		{6D1528DA-A548-41A2-878B-72EE929EEFF8}.Debug|x86.ActiveCfg = Debug|Any CPU
		{6D1528DA-A548-41A2-878B-72EE929EEFF8}.Release|Any CPU.ActiveCfg = Release|Any CPU
		{6D1528DA-A548-41A2-878B-72EE929EEFF8}.Release|Any CPU.Build.0 = Release|Any CPU
		{6D1528DA-A548-41A2-878B-72EE929EEFF8}.Release|Mixed Platforms.ActiveCfg = Release|Any CPU
		{6D1528DA-A548-41A2-878B-72EE929EEFF8}.Release|Mixed Platforms.Build.0 = Release|Any CPU
		{6D1528DA-A548-41A2-878B-72EE929EEFF8}.Release|x86.ActiveCfg = Release|Any CPU
		{0ED3C341-23BB-4D20-83FC-CE1143756567}.Debug|Any CPU.ActiveCfg = Debug|Any CPU
		{0ED3C341-23BB-4D20-83FC-CE1143756567}.Debug|Any CPU.Build.0 = Debug|Any CPU
		{0ED3C341-23BB-4D20-83FC-CE1143756567}.Debug|Mixed Platforms.ActiveCfg = Debug|Any CPU
		{0ED3C341-23BB-4D20-83FC-CE1143756567}.Debug|Mixed Platforms.Build.0 = Debug|Any CPU
		{0ED3C341-23BB-4D20-83FC-CE1143756567}.Debug|x86.ActiveCfg = Debug|Any CPU
		{0ED3C341-23BB-4D20-83FC-CE1143756567}.Release|Any CPU.ActiveCfg = Release|Any CPU
		{0ED3C341-23BB-4D20-83FC-CE1143756567}.Release|Any CPU.Build.0 = Release|Any CPU
		{0ED3C341-23BB-4D20-83FC-CE1143756567}.Release|Mixed Platforms.ActiveCfg = Release|Any CPU
		{0ED3C341-23BB-4D20-83FC-CE1143756567}.Release|Mixed Platforms.Build.0 = Release|Any CPU
		{0ED3C341-23BB-4D20-83FC-CE1143756567}.Release|x86.ActiveCfg = Release|Any CPU
		{3647F506-59A1-443A-AFB1-FE9B606035EB}.Debug|Any CPU.ActiveCfg = Debug|Any CPU
		{3647F506-59A1-443A-AFB1-FE9B606035EB}.Debug|Any CPU.Build.0 = Debug|Any CPU
		{3647F506-59A1-443A-AFB1-FE9B606035EB}.Debug|Mixed Platforms.ActiveCfg = Debug|Any CPU
		{3647F506-59A1-443A-AFB1-FE9B606035EB}.Debug|Mixed Platforms.Build.0 = Debug|Any CPU
		{3647F506-59A1-443A-AFB1-FE9B606035EB}.Debug|x86.ActiveCfg = Debug|Any CPU
		{3647F506-59A1-443A-AFB1-FE9B606035EB}.Release|Any CPU.ActiveCfg = Release|Any CPU
		{3647F506-59A1-443A-AFB1-FE9B606035EB}.Release|Any CPU.Build.0 = Release|Any CPU
		{3647F506-59A1-443A-AFB1-FE9B606035EB}.Release|Mixed Platforms.ActiveCfg = Release|Any CPU
		{3647F506-59A1-443A-AFB1-FE9B606035EB}.Release|Mixed Platforms.Build.0 = Release|Any CPU
		{3647F506-59A1-443A-AFB1-FE9B606035EB}.Release|x86.ActiveCfg = Release|Any CPU
	EndGlobalSection
	GlobalSection(SolutionProperties) = preSolution
		HideSolutionNode = FALSE
	EndGlobalSection
	GlobalSection(ExtensibilityGlobals) = postSolution
		SolutionGuid = {5D3C4216-A055-4099-94D9-A910EADB3CB0}
	EndGlobalSection
EndGlobal
